// !$*UTF8*$!
{
	archiveVersion = 1;
	classes = {
	};
	objectVersion = 46;
	objects = {

/* Begin PBXBuildFile section */
		A400C1361C780A080039EEE5 /* AppDelegate.swift in Sources */ = {isa = PBXBuildFile; fileRef = A400C1351C780A080039EEE5 /* AppDelegate.swift */; };
		A400C1381C780A080039EEE5 /* ViewController.swift in Sources */ = {isa = PBXBuildFile; fileRef = A400C1371C780A080039EEE5 /* ViewController.swift */; };
		A400C13B1C780A080039EEE5 /* Main.storyboard in Resources */ = {isa = PBXBuildFile; fileRef = A400C1391C780A080039EEE5 /* Main.storyboard */; };
		A400C13D1C780A080039EEE5 /* Assets.xcassets in Resources */ = {isa = PBXBuildFile; fileRef = A400C13C1C780A080039EEE5 /* Assets.xcassets */; };
		A400C1401C780A080039EEE5 /* LaunchScreen.storyboard in Resources */ = {isa = PBXBuildFile; fileRef = A400C13E1C780A080039EEE5 /* LaunchScreen.storyboard */; };
		A400C14B1C780A080039EEE5 /* CoopTests.swift in Sources */ = {isa = PBXBuildFile; fileRef = A400C14A1C780A080039EEE5 /* CoopTests.swift */; };
		A400C1561C780A080039EEE5 /* CoopUITests.swift in Sources */ = {isa = PBXBuildFile; fileRef = A400C1551C780A080039EEE5 /* CoopUITests.swift */; };
		A400C1641C780EC60039EEE5 /* Battleship.swift in Sources */ = {isa = PBXBuildFile; fileRef = A400C1631C780EC60039EEE5 /* Battleship.swift */; };
		A400C1661C7857A90039EEE5 /* Tictactoe.swift in Sources */ = {isa = PBXBuildFile; fileRef = A400C1651C7857A90039EEE5 /* Tictactoe.swift */; };
		A400C1681C786F990039EEE5 /* Connect4.swift in Sources */ = {isa = PBXBuildFile; fileRef = A400C1671C786F990039EEE5 /* Connect4.swift */; };
/* End PBXBuildFile section */

/* Begin PBXContainerItemProxy section */
		A400C1471C780A080039EEE5 /* PBXContainerItemProxy */ = {
			isa = PBXContainerItemProxy;
			containerPortal = A400C12A1C780A080039EEE5 /* Project object */;
			proxyType = 1;
			remoteGlobalIDString = A400C1311C780A080039EEE5;
			remoteInfo = Coop;
		};
		A400C1521C780A080039EEE5 /* PBXContainerItemProxy */ = {
			isa = PBXContainerItemProxy;
			containerPortal = A400C12A1C780A080039EEE5 /* Project object */;
			proxyType = 1;
			remoteGlobalIDString = A400C1311C780A080039EEE5;
			remoteInfo = Coop;
		};
/* End PBXContainerItemProxy section */

/* Begin PBXFileReference section */
		A400C1321C780A080039EEE5 /* Coop.app */ = {isa = PBXFileReference; explicitFileType = wrapper.application; includeInIndex = 0; path = Coop.app; sourceTree = BUILT_PRODUCTS_DIR; };
		A400C1351C780A080039EEE5 /* AppDelegate.swift */ = {isa = PBXFileReference; lastKnownFileType = sourcecode.swift; path = AppDelegate.swift; sourceTree = "<group>"; };
		A400C1371C780A080039EEE5 /* ViewController.swift */ = {isa = PBXFileReference; lastKnownFileType = sourcecode.swift; path = ViewController.swift; sourceTree = "<group>"; };
		A400C13A1C780A080039EEE5 /* Base */ = {isa = PBXFileReference; lastKnownFileType = file.storyboard; name = Base; path = Base.lproj/Main.storyboard; sourceTree = "<group>"; };
		A400C13C1C780A080039EEE5 /* Assets.xcassets */ = {isa = PBXFileReference; lastKnownFileType = folder.assetcatalog; path = Assets.xcassets; sourceTree = "<group>"; };
		A400C13F1C780A080039EEE5 /* Base */ = {isa = PBXFileReference; lastKnownFileType = file.storyboard; name = Base; path = Base.lproj/LaunchScreen.storyboard; sourceTree = "<group>"; };
		A400C1411C780A080039EEE5 /* Info.plist */ = {isa = PBXFileReference; lastKnownFileType = text.plist.xml; path = Info.plist; sourceTree = "<group>"; };
		A400C1461C780A080039EEE5 /* CoopTests.xctest */ = {isa = PBXFileReference; explicitFileType = wrapper.cfbundle; includeInIndex = 0; path = CoopTests.xctest; sourceTree = BUILT_PRODUCTS_DIR; };
		A400C14A1C780A080039EEE5 /* CoopTests.swift */ = {isa = PBXFileReference; lastKnownFileType = sourcecode.swift; path = CoopTests.swift; sourceTree = "<group>"; };
		A400C14C1C780A080039EEE5 /* Info.plist */ = {isa = PBXFileReference; lastKnownFileType = text.plist.xml; path = Info.plist; sourceTree = "<group>"; };
		A400C1511C780A080039EEE5 /* CoopUITests.xctest */ = {isa = PBXFileReference; explicitFileType = wrapper.cfbundle; includeInIndex = 0; path = CoopUITests.xctest; sourceTree = BUILT_PRODUCTS_DIR; };
		A400C1551C780A080039EEE5 /* CoopUITests.swift */ = {isa = PBXFileReference; lastKnownFileType = sourcecode.swift; path = CoopUITests.swift; sourceTree = "<group>"; };
		A400C1571C780A080039EEE5 /* Info.plist */ = {isa = PBXFileReference; lastKnownFileType = text.plist.xml; path = Info.plist; sourceTree = "<group>"; };
		A400C1631C780EC60039EEE5 /* Battleship.swift */ = {isa = PBXFileReference; fileEncoding = 4; lastKnownFileType = sourcecode.swift; path = Battleship.swift; sourceTree = "<group>"; };
		A400C1651C7857A90039EEE5 /* Tictactoe.swift */ = {isa = PBXFileReference; fileEncoding = 4; lastKnownFileType = sourcecode.swift; path = Tictactoe.swift; sourceTree = "<group>"; };
		A400C1671C786F990039EEE5 /* Connect4.swift */ = {isa = PBXFileReference; fileEncoding = 4; lastKnownFileType = sourcecode.swift; path = Connect4.swift; sourceTree = "<group>"; };
/* End PBXFileReference section */

/* Begin PBXFrameworksBuildPhase section */
		A400C12F1C780A080039EEE5 /* Frameworks */ = {
			isa = PBXFrameworksBuildPhase;
			buildActionMask = 2147483647;
			files = (
			);
			runOnlyForDeploymentPostprocessing = 0;
		};
		A400C1431C780A080039EEE5 /* Frameworks */ = {
			isa = PBXFrameworksBuildPhase;
			buildActionMask = 2147483647;
			files = (
			);
			runOnlyForDeploymentPostprocessing = 0;
		};
		A400C14E1C780A080039EEE5 /* Frameworks */ = {
			isa = PBXFrameworksBuildPhase;
			buildActionMask = 2147483647;
			files = (
			);
			runOnlyForDeploymentPostprocessing = 0;
		};
/* End PBXFrameworksBuildPhase section */

/* Begin PBXGroup section */
		A400C1291C780A080039EEE5 = {
			isa = PBXGroup;
			children = (
				A400C1341C780A080039EEE5 /* Coop */,
				A400C1491C780A080039EEE5 /* CoopTests */,
				A400C1541C780A080039EEE5 /* CoopUITests */,
				A400C1331C780A080039EEE5 /* Products */,
			);
			sourceTree = "<group>";
		};
		A400C1331C780A080039EEE5 /* Products */ = {
			isa = PBXGroup;
			children = (
				A400C1321C780A080039EEE5 /* Coop.app */,
				A400C1461C780A080039EEE5 /* CoopTests.xctest */,
				A400C1511C780A080039EEE5 /* CoopUITests.xctest */,
			);
			name = Products;
			sourceTree = "<group>";
		};
		A400C1341C780A080039EEE5 /* Coop */ = {
			isa = PBXGroup;
			children = (
				A400C1351C780A080039EEE5 /* AppDelegate.swift */,
				A400C1631C780EC60039EEE5 /* Battleship.swift */,
				A400C1371C780A080039EEE5 /* ViewController.swift */,
				A400C1391C780A080039EEE5 /* Main.storyboard */,
				A400C1671C786F990039EEE5 /* Connect4.swift */,
				A400C1651C7857A90039EEE5 /* Tictactoe.swift */,
				A400C13C1C780A080039EEE5 /* Assets.xcassets */,
				A400C13E1C780A080039EEE5 /* LaunchScreen.storyboard */,
				A400C1411C780A080039EEE5 /* Info.plist */,
			);
			path = Coop;
			sourceTree = "<group>";
		};
		A400C1491C780A080039EEE5 /* CoopTests */ = {
			isa = PBXGroup;
			children = (
				A400C14A1C780A080039EEE5 /* CoopTests.swift */,
				A400C14C1C780A080039EEE5 /* Info.plist */,
			);
			path = CoopTests;
			sourceTree = "<group>";
		};
		A400C1541C780A080039EEE5 /* CoopUITests */ = {
			isa = PBXGroup;
			children = (
				A400C1551C780A080039EEE5 /* CoopUITests.swift */,
				A400C1571C780A080039EEE5 /* Info.plist */,
			);
			path = CoopUITests;
			sourceTree = "<group>";
		};
/* End PBXGroup section */

/* Begin PBXNativeTarget section */
		A400C1311C780A080039EEE5 /* Coop */ = {
			isa = PBXNativeTarget;
			buildConfigurationList = A400C15A1C780A080039EEE5 /* Build configuration list for PBXNativeTarget "Coop" */;
			buildPhases = (
				A400C12E1C780A080039EEE5 /* Sources */,
				A400C12F1C780A080039EEE5 /* Frameworks */,
				A400C1301C780A080039EEE5 /* Resources */,
			);
			buildRules = (
			);
			dependencies = (
			);
			name = Coop;
			productName = Coop;
			productReference = A400C1321C780A080039EEE5 /* Coop.app */;
			productType = "com.apple.product-type.application";
		};
		A400C1451C780A080039EEE5 /* CoopTests */ = {
			isa = PBXNativeTarget;
			buildConfigurationList = A400C15D1C780A080039EEE5 /* Build configuration list for PBXNativeTarget "CoopTests" */;
			buildPhases = (
				A400C1421C780A080039EEE5 /* Sources */,
				A400C1431C780A080039EEE5 /* Frameworks */,
				A400C1441C780A080039EEE5 /* Resources */,
			);
			buildRules = (
			);
			dependencies = (
				A400C1481C780A080039EEE5 /* PBXTargetDependency */,
			);
			name = CoopTests;
			productName = CoopTests;
			productReference = A400C1461C780A080039EEE5 /* CoopTests.xctest */;
			productType = "com.apple.product-type.bundle.unit-test";
		};
		A400C1501C780A080039EEE5 /* CoopUITests */ = {
			isa = PBXNativeTarget;
			buildConfigurationList = A400C1601C780A080039EEE5 /* Build configuration list for PBXNativeTarget "CoopUITests" */;
			buildPhases = (
				A400C14D1C780A080039EEE5 /* Sources */,
				A400C14E1C780A080039EEE5 /* Frameworks */,
				A400C14F1C780A080039EEE5 /* Resources */,
			);
			buildRules = (
			);
			dependencies = (
				A400C1531C780A080039EEE5 /* PBXTargetDependency */,
			);
			name = CoopUITests;
			productName = CoopUITests;
			productReference = A400C1511C780A080039EEE5 /* CoopUITests.xctest */;
			productType = "com.apple.product-type.bundle.ui-testing";
		};
/* End PBXNativeTarget section */

/* Begin PBXProject section */
		A400C12A1C780A080039EEE5 /* Project object */ = {
			isa = PBXProject;
			attributes = {
				LastSwiftUpdateCheck = 0720;
				LastUpgradeCheck = 0720;
				ORGANIZATIONNAME = "Adrian Ordorica";
				TargetAttributes = {
					A400C1311C780A080039EEE5 = {
						CreatedOnToolsVersion = 7.2.1;
						DevelopmentTeam = 6RTKLPC64B;
						LastSwiftMigration = 0800;
					};
					A400C1451C780A080039EEE5 = {
						CreatedOnToolsVersion = 7.2.1;
						DevelopmentTeam = 6RTKLPC64B;
						LastSwiftMigration = 0800;
						TestTargetID = A400C1311C780A080039EEE5;
					};
					A400C1501C780A080039EEE5 = {
						CreatedOnToolsVersion = 7.2.1;
						DevelopmentTeam = 6RTKLPC64B;
						LastSwiftMigration = 0800;
						TestTargetID = A400C1311C780A080039EEE5;
					};
				};
			};
			buildConfigurationList = A400C12D1C780A080039EEE5 /* Build configuration list for PBXProject "Coop" */;
			compatibilityVersion = "Xcode 3.2";
			developmentRegion = English;
			hasScannedForEncodings = 0;
			knownRegions = (
				en,
				Base,
			);
			mainGroup = A400C1291C780A080039EEE5;
			productRefGroup = A400C1331C780A080039EEE5 /* Products */;
			projectDirPath = "";
			projectRoot = "";
			targets = (
				A400C1311C780A080039EEE5 /* Coop */,
				A400C1451C780A080039EEE5 /* CoopTests */,
				A400C1501C780A080039EEE5 /* CoopUITests */,
			);
		};
/* End PBXProject section */

/* Begin PBXResourcesBuildPhase section */
		A400C1301C780A080039EEE5 /* Resources */ = {
			isa = PBXResourcesBuildPhase;
			buildActionMask = 2147483647;
			files = (
				A400C1401C780A080039EEE5 /* LaunchScreen.storyboard in Resources */,
				A400C13D1C780A080039EEE5 /* Assets.xcassets in Resources */,
				A400C13B1C780A080039EEE5 /* Main.storyboard in Resources */,
			);
			runOnlyForDeploymentPostprocessing = 0;
		};
		A400C1441C780A080039EEE5 /* Resources */ = {
			isa = PBXResourcesBuildPhase;
			buildActionMask = 2147483647;
			files = (
			);
			runOnlyForDeploymentPostprocessing = 0;
		};
		A400C14F1C780A080039EEE5 /* Resources */ = {
			isa = PBXResourcesBuildPhase;
			buildActionMask = 2147483647;
			files = (
			);
			runOnlyForDeploymentPostprocessing = 0;
		};
/* End PBXResourcesBuildPhase section */

/* Begin PBXSourcesBuildPhase section */
		A400C12E1C780A080039EEE5 /* Sources */ = {
			isa = PBXSourcesBuildPhase;
			buildActionMask = 2147483647;
			files = (
				A400C1641C780EC60039EEE5 /* Battleship.swift in Sources */,
				A400C1381C780A080039EEE5 /* ViewController.swift in Sources */,
				A400C1681C786F990039EEE5 /* Connect4.swift in Sources */,
				A400C1661C7857A90039EEE5 /* Tictactoe.swift in Sources */,
				A400C1361C780A080039EEE5 /* AppDelegate.swift in Sources */,
			);
			runOnlyForDeploymentPostprocessing = 0;
		};
		A400C1421C780A080039EEE5 /* Sources */ = {
			isa = PBXSourcesBuildPhase;
			buildActionMask = 2147483647;
			files = (
				A400C14B1C780A080039EEE5 /* CoopTests.swift in Sources */,
			);
			runOnlyForDeploymentPostprocessing = 0;
		};
		A400C14D1C780A080039EEE5 /* Sources */ = {
			isa = PBXSourcesBuildPhase;
			buildActionMask = 2147483647;
			files = (
				A400C1561C780A080039EEE5 /* CoopUITests.swift in Sources */,
			);
			runOnlyForDeploymentPostprocessing = 0;
		};
/* End PBXSourcesBuildPhase section */

/* Begin PBXTargetDependency section */
		A400C1481C780A080039EEE5 /* PBXTargetDependency */ = {
			isa = PBXTargetDependency;
			target = A400C1311C780A080039EEE5 /* Coop */;
			targetProxy = A400C1471C780A080039EEE5 /* PBXContainerItemProxy */;
		};
		A400C1531C780A080039EEE5 /* PBXTargetDependency */ = {
			isa = PBXTargetDependency;
			target = A400C1311C780A080039EEE5 /* Coop */;
			targetProxy = A400C1521C780A080039EEE5 /* PBXContainerItemProxy */;
		};
/* End PBXTargetDependency section */

/* Begin PBXVariantGroup section */
		A400C1391C780A080039EEE5 /* Main.storyboard */ = {
			isa = PBXVariantGroup;
			children = (
				A400C13A1C780A080039EEE5 /* Base */,
			);
			name = Main.storyboard;
			sourceTree = "<group>";
		};
		A400C13E1C780A080039EEE5 /* LaunchScreen.storyboard */ = {
			isa = PBXVariantGroup;
			children = (
				A400C13F1C780A080039EEE5 /* Base */,
			);
			name = LaunchScreen.storyboard;
			sourceTree = "<group>";
		};
/* End PBXVariantGroup section */

/* Begin XCBuildConfiguration section */
		A400C1581C780A080039EEE5 /* Debug */ = {
			isa = XCBuildConfiguration;
			buildSettings = {
				ALWAYS_SEARCH_USER_PATHS = NO;
				CLANG_CXX_LANGUAGE_STANDARD = "gnu++0x";
				CLANG_CXX_LIBRARY = "libc++";
				CLANG_ENABLE_MODULES = YES;
				CLANG_ENABLE_OBJC_ARC = YES;
				CLANG_WARN_BOOL_CONVERSION = YES;
				CLANG_WARN_CONSTANT_CONVERSION = YES;
				CLANG_WARN_DIRECT_OBJC_ISA_USAGE = YES_ERROR;
				CLANG_WARN_EMPTY_BODY = YES;
				CLANG_WARN_ENUM_CONVERSION = YES;
				CLANG_WARN_INT_CONVERSION = YES;
				CLANG_WARN_OBJC_ROOT_CLASS = YES_ERROR;
				CLANG_WARN_UNREACHABLE_CODE = YES;
				CLANG_WARN__DUPLICATE_METHOD_MATCH = YES;
				"CODE_SIGN_IDENTITY[sdk=iphoneos*]" = "iPhone Developer";
				COPY_PHASE_STRIP = NO;
				DEBUG_INFORMATION_FORMAT = dwarf;
				ENABLE_STRICT_OBJC_MSGSEND = YES;
				ENABLE_TESTABILITY = YES;
				GCC_C_LANGUAGE_STANDARD = gnu99;
				GCC_DYNAMIC_NO_PIC = NO;
				GCC_NO_COMMON_BLOCKS = YES;
				GCC_OPTIMIZATION_LEVEL = 0;
				GCC_PREPROCESSOR_DEFINITIONS = (
					"DEBUG=1",
					"$(inherited)",
				);
				GCC_WARN_64_TO_32_BIT_CONVERSION = YES;
				GCC_WARN_ABOUT_RETURN_TYPE = YES_ERROR;
				GCC_WARN_UNDECLARED_SELECTOR = YES;
				GCC_WARN_UNINITIALIZED_AUTOS = YES_AGGRESSIVE;
				GCC_WARN_UNUSED_FUNCTION = YES;
				GCC_WARN_UNUSED_VARIABLE = YES;
				IPHONEOS_DEPLOYMENT_TARGET = 9.2;
				MTL_ENABLE_DEBUG_INFO = YES;
				ONLY_ACTIVE_ARCH = YES;
				SDKROOT = iphoneos;
				SWIFT_OPTIMIZATION_LEVEL = "-Onone";
			};
			name = Debug;
		};
		A400C1591C780A080039EEE5 /* Release */ = {
			isa = XCBuildConfiguration;
			buildSettings = {
				ALWAYS_SEARCH_USER_PATHS = NO;
				CLANG_CXX_LANGUAGE_STANDARD = "gnu++0x";
				CLANG_CXX_LIBRARY = "libc++";
				CLANG_ENABLE_MODULES = YES;
				CLANG_ENABLE_OBJC_ARC = YES;
				CLANG_WARN_BOOL_CONVERSION = YES;
				CLANG_WARN_CONSTANT_CONVERSION = YES;
				CLANG_WARN_DIRECT_OBJC_ISA_USAGE = YES_ERROR;
				CLANG_WARN_EMPTY_BODY = YES;
				CLANG_WARN_ENUM_CONVERSION = YES;
				CLANG_WARN_INT_CONVERSION = YES;
				CLANG_WARN_OBJC_ROOT_CLASS = YES_ERROR;
				CLANG_WARN_UNREACHABLE_CODE = YES;
				CLANG_WARN__DUPLICATE_METHOD_MATCH = YES;
				"CODE_SIGN_IDENTITY[sdk=iphoneos*]" = "iPhone Developer";
				COPY_PHASE_STRIP = NO;
				DEBUG_INFORMATION_FORMAT = "dwarf-with-dsym";
				ENABLE_NS_ASSERTIONS = NO;
				ENABLE_STRICT_OBJC_MSGSEND = YES;
				GCC_C_LANGUAGE_STANDARD = gnu99;
				GCC_NO_COMMON_BLOCKS = YES;
				GCC_WARN_64_TO_32_BIT_CONVERSION = YES;
				GCC_WARN_ABOUT_RETURN_TYPE = YES_ERROR;
				GCC_WARN_UNDECLARED_SELECTOR = YES;
				GCC_WARN_UNINITIALIZED_AUTOS = YES_AGGRESSIVE;
				GCC_WARN_UNUSED_FUNCTION = YES;
				GCC_WARN_UNUSED_VARIABLE = YES;
				IPHONEOS_DEPLOYMENT_TARGET = 9.2;
				MTL_ENABLE_DEBUG_INFO = NO;
				SDKROOT = iphoneos;
				VALIDATE_PRODUCT = YES;
			};
			name = Release;
		};
		A400C15B1C780A080039EEE5 /* Debug */ = {
			isa = XCBuildConfiguration;
			buildSettings = {
				ASSETCATALOG_COMPILER_APPICON_NAME = AppIcon;
				INFOPLIST_FILE = Coop/Info.plist;
				LD_RUNPATH_SEARCH_PATHS = "$(inherited) @executable_path/Frameworks";
				PRODUCT_BUNDLE_IDENTIFIER = Chet.Coop;
				PRODUCT_NAME = "$(TARGET_NAME)";
				SWIFT_VERSION = 3.0;
			};
			name = Debug;
		};
		A400C15C1C780A080039EEE5 /* Release */ = {
			isa = XCBuildConfiguration;
			buildSettings = {
				ASSETCATALOG_COMPILER_APPICON_NAME = AppIcon;
				INFOPLIST_FILE = Coop/Info.plist;
				LD_RUNPATH_SEARCH_PATHS = "$(inherited) @executable_path/Frameworks";
				PRODUCT_BUNDLE_IDENTIFIER = Chet.Coop;
				PRODUCT_NAME = "$(TARGET_NAME)";
				SWIFT_VERSION = 3.0;
			};
			name = Release;
		};
		A400C15E1C780A080039EEE5 /* Debug */ = {
			isa = XCBuildConfiguration;
			buildSettings = {
				BUNDLE_LOADER = "$(TEST_HOST)";
				INFOPLIST_FILE = CoopTests/Info.plist;
				LD_RUNPATH_SEARCH_PATHS = "$(inherited) @executable_path/Frameworks @loader_path/Frameworks";
				PRODUCT_BUNDLE_IDENTIFIER = Chet.CoopTests;
				PRODUCT_NAME = "$(TARGET_NAME)";
				SWIFT_VERSION = 3.0;
				TEST_HOST = "$(BUILT_PRODUCTS_DIR)/Coop.app/Coop";
			};
			name = Debug;
		};
		A400C15F1C780A080039EEE5 /* Release */ = {
			isa = XCBuildConfiguration;
			buildSettings = {
				BUNDLE_LOADER = "$(TEST_HOST)";
				INFOPLIST_FILE = CoopTests/Info.plist;
				LD_RUNPATH_SEARCH_PATHS = "$(inherited) @executable_path/Frameworks @loader_path/Frameworks";
				PRODUCT_BUNDLE_IDENTIFIER = Chet.CoopTests;
				PRODUCT_NAME = "$(TARGET_NAME)";
				SWIFT_VERSION = 3.0;
				TEST_HOST = "$(BUILT_PRODUCTS_DIR)/Coop.app/Coop";
			};
			name = Release;
		};
		A400C1611C780A080039EEE5 /* Debug */ = {
			isa = XCBuildConfiguration;
			buildSettings = {
				INFOPLIST_FILE = CoopUITests/Info.plist;
				LD_RUNPATH_SEARCH_PATHS = "$(inherited) @executable_path/Frameworks @loader_path/Frameworks";
				PRODUCT_BUNDLE_IDENTIFIER = Chet.CoopUITests;
				PRODUCT_NAME = "$(TARGET_NAME)";
				SWIFT_VERSION = 3.0;
				TEST_TARGET_NAME = Coop;
				USES_XCTRUNNER = YES;
			};
			name = Debug;
		};
		A400C1621C780A080039EEE5 /* Release */ = {
			isa = XCBuildConfiguration;
			buildSettings = {
				INFOPLIST_FILE = CoopUITests/Info.plist;
				LD_RUNPATH_SEARCH_PATHS = "$(inherited) @executable_path/Frameworks @loader_path/Frameworks";
				PRODUCT_BUNDLE_IDENTIFIER = Chet.CoopUITests;
				PRODUCT_NAME = "$(TARGET_NAME)";
				SWIFT_VERSION = 3.0;
				TEST_TARGET_NAME = Coop;
				USES_XCTRUNNER = YES;
			};
			name = Release;
		};
/* End XCBuildConfiguration section */

/* Begin XCConfigurationList section */
		A400C12D1C780A080039EEE5 /* Build configuration list for PBXProject "Coop" */ = {
			isa = XCConfigurationList;
			buildConfigurations = (
				A400C1581C780A080039EEE5 /* Debug */,
				A400C1591C780A080039EEE5 /* Release */,
			);
			defaultConfigurationIsVisible = 0;
			defaultConfigurationName = Release;
		};
		A400C15A1C780A080039EEE5 /* Build configuration list for PBXNativeTarget "Coop" */ = {
			isa = XCConfigurationList;
			buildConfigurations = (
				A400C15B1C780A080039EEE5 /* Debug */,
				A400C15C1C780A080039EEE5 /* Release */,
			);
			defaultConfigurationIsVisible = 0;
			defaultConfigurationName = Release;
		};
		A400C15D1C780A080039EEE5 /* Build configuration list for PBXNativeTarget "CoopTests" */ = {
			isa = XCConfigurationList;
			buildConfigurations = (
				A400C15E1C780A080039EEE5 /* Debug */,
				A400C15F1C780A080039EEE5 /* Release */,
			);
			defaultConfigurationIsVisible = 0;
			defaultConfigurationName = Release;
		};
		A400C1601C780A080039EEE5 /* Build configuration list for PBXNativeTarget "CoopUITests" */ = {
			isa = XCConfigurationList;
			buildConfigurations = (
				A400C1611C780A080039EEE5 /* Debug */,
				A400C1621C780A080039EEE5 /* Release */,
			);
			defaultConfigurationIsVisible = 0;
			defaultConfigurationName = Release;
		};
/* End XCConfigurationList section */
	};
	rootObject = A400C12A1C780A080039EEE5 /* Project object */;
}
